// !$*UTF8*$!
{
	archiveVersion = 1;
	classes = {
	};
	objectVersion = 77;
	objects = {

/* Begin PBXBuildFile section */
		8B9682F22D908336003D4741 /* FirebaseAnalyticsWithoutAdIdSupport in Frameworks */ = {isa = PBXBuildFile; productRef = 8B9682F12D908336003D4741 /* FirebaseAnalyticsWithoutAdIdSupport */; };
		8B9682F42D908336003D4741 /* FirebaseAppCheck in Frameworks */ = {isa = PBXBuildFile; productRef = 8B9682F32D908336003D4741 /* FirebaseAppCheck */; };
		8B9682F62D908336003D4741 /* FirebaseAppDistribution-Beta in Frameworks */ = {isa = PBXBuildFile; productRef = 8B9682F52D908336003D4741 /* FirebaseAppDistribution-Beta */; };
		8B9682F82D908336003D4741 /* FirebaseAuth in Frameworks */ = {isa = PBXBuildFile; productRef = 8B9682F72D908336003D4741 /* FirebaseAuth */; };
		8B9682FA2D908336003D4741 /* FirebaseAuthCombine-Community in Frameworks */ = {isa = PBXBuildFile; productRef = 8B9682F92D908336003D4741 /* FirebaseAuthCombine-Community */; };
		8B9682FC2D908336003D4741 /* FirebaseCore in Frameworks */ = {isa = PBXBuildFile; productRef = 8B9682FB2D908336003D4741 /* FirebaseCore */; };
		8B9682FE2D908336003D4741 /* FirebaseCrashlytics in Frameworks */ = {isa = PBXBuildFile; productRef = 8B9682FD2D908336003D4741 /* FirebaseCrashlytics */; };
		8B9683002D908336003D4741 /* FirebaseDatabase in Frameworks */ = {isa = PBXBuildFile; productRef = 8B9682FF2D908336003D4741 /* FirebaseDatabase */; };
		8B9683022D908336003D4741 /* FirebaseDynamicLinks in Frameworks */ = {isa = PBXBuildFile; productRef = 8B9683012D908336003D4741 /* FirebaseDynamicLinks */; };
		8B9683042D908336003D4741 /* FirebaseFirestore in Frameworks */ = {isa = PBXBuildFile; productRef = 8B9683032D908336003D4741 /* FirebaseFirestore */; };
		8B9683082D908336003D4741 /* FirebaseFunctions in Frameworks */ = {isa = PBXBuildFile; productRef = 8B9683072D908336003D4741 /* FirebaseFunctions */; };
		8B96830A2D908336003D4741 /* FirebaseFunctionsCombine-Community in Frameworks */ = {isa = PBXBuildFile; productRef = 8B9683092D908336003D4741 /* FirebaseFunctionsCombine-Community */; };
		8B96830C2D908336003D4741 /* FirebaseInAppMessaging-Beta in Frameworks */ = {isa = PBXBuildFile; productRef = 8B96830B2D908336003D4741 /* FirebaseInAppMessaging-Beta */; };
		8B96830E2D908336003D4741 /* FirebaseInstallations in Frameworks */ = {isa = PBXBuildFile; productRef = 8B96830D2D908336003D4741 /* FirebaseInstallations */; };
		8B9683102D908336003D4741 /* FirebaseMLModelDownloader in Frameworks */ = {isa = PBXBuildFile; productRef = 8B96830F2D908336003D4741 /* FirebaseMLModelDownloader */; };
		8B9683122D908336003D4741 /* FirebaseMessaging in Frameworks */ = {isa = PBXBuildFile; productRef = 8B9683112D908336003D4741 /* FirebaseMessaging */; };
		8B9683142D908336003D4741 /* FirebasePerformance in Frameworks */ = {isa = PBXBuildFile; productRef = 8B9683132D908336003D4741 /* FirebasePerformance */; };
		8B9683162D908336003D4741 /* FirebaseRemoteConfig in Frameworks */ = {isa = PBXBuildFile; productRef = 8B9683152D908336003D4741 /* FirebaseRemoteConfig */; };
		8B9683182D908336003D4741 /* FirebaseStorage in Frameworks */ = {isa = PBXBuildFile; productRef = 8B9683172D908336003D4741 /* FirebaseStorage */; };
		8B96831A2D908336003D4741 /* FirebaseStorageCombine-Community in Frameworks */ = {isa = PBXBuildFile; productRef = 8B9683192D908336003D4741 /* FirebaseStorageCombine-Community */; };
		8B96831C2D908336003D4741 /* FirebaseVertexAI in Frameworks */ = {isa = PBXBuildFile; productRef = 8B96831B2D908336003D4741 /* FirebaseVertexAI */; };
/* End PBXBuildFile section */

/* Begin PBXFileReference section */
		8B8EFD512D827F70003D1023 /* iMessage replica.app */ = {isa = PBXFileReference; explicitFileType = wrapper.application; includeInIndex = 0; path = "iMessage replica.app"; sourceTree = BUILT_PRODUCTS_DIR; };
/* End PBXFileReference section */

/* Begin PBXFileSystemSynchronizedRootGroup section */
		8B8EFD532D827F70003D1023 /* iMessage replica */ = {
			isa = PBXFileSystemSynchronizedRootGroup;
			path = "iMessage replica";
			sourceTree = "<group>";
		};
/* End PBXFileSystemSynchronizedRootGroup section */

/* Begin PBXFrameworksBuildPhase section */
		8B8EFD4E2D827F70003D1023 /* Frameworks */ = {
			isa = PBXFrameworksBuildPhase;
			buildActionMask = 2147483647;
			files = (
				8B96831C2D908336003D4741 /* FirebaseVertexAI in Frameworks */,
				8B9683082D908336003D4741 /* FirebaseFunctions in Frameworks */,
				8B9683142D908336003D4741 /* FirebasePerformance in Frameworks */,
				8B96831A2D908336003D4741 /* FirebaseStorageCombine-Community in Frameworks */,
				8B9683162D908336003D4741 /* FirebaseRemoteConfig in Frameworks */,
				8B9683002D908336003D4741 /* FirebaseDatabase in Frameworks */,
				8B9683022D908336003D4741 /* FirebaseDynamicLinks in Frameworks */,
				8B9682F42D908336003D4741 /* FirebaseAppCheck in Frameworks */,
				8B9682F82D908336003D4741 /* FirebaseAuth in Frameworks */,
				8B9683042D908336003D4741 /* FirebaseFirestore in Frameworks */,
				8B9683122D908336003D4741 /* FirebaseMessaging in Frameworks */,
				8B96830E2D908336003D4741 /* FirebaseInstallations in Frameworks */,
				8B96830A2D908336003D4741 /* FirebaseFunctionsCombine-Community in Frameworks */,
				8B9682F62D908336003D4741 /* FirebaseAppDistribution-Beta in Frameworks */,
				8B9682F22D908336003D4741 /* FirebaseAnalyticsWithoutAdIdSupport in Frameworks */,
				8B96830C2D908336003D4741 /* FirebaseInAppMessaging-Beta in Frameworks */,
				8B9682FA2D908336003D4741 /* FirebaseAuthCombine-Community in Frameworks */,
				8B9682FE2D908336003D4741 /* FirebaseCrashlytics in Frameworks */,
				8B9683102D908336003D4741 /* FirebaseMLModelDownloader in Frameworks */,
				8B9683182D908336003D4741 /* FirebaseStorage in Frameworks */,
				8B9682FC2D908336003D4741 /* FirebaseCore in Frameworks */,
			);
			runOnlyForDeploymentPostprocessing = 0;
		};
/* End PBXFrameworksBuildPhase section */

/* Begin PBXGroup section */
		8B8EFD482D827F70003D1023 = {
			isa = PBXGroup;
			children = (
				8B8EFD532D827F70003D1023 /* iMessage replica */,
				8B8EFD522D827F70003D1023 /* Products */,
			);
			sourceTree = "<group>";
		};
		8B8EFD522D827F70003D1023 /* Products */ = {
			isa = PBXGroup;
			children = (
				8B8EFD512D827F70003D1023 /* iMessage replica.app */,
			);
			name = Products;
			sourceTree = "<group>";
		};
/* End PBXGroup section */

/* Begin PBXNativeTarget section */
		8B8EFD502D827F70003D1023 /* iMessage replica */ = {
			isa = PBXNativeTarget;
			buildConfigurationList = 8B8EFD5F2D827F72003D1023 /* Build configuration list for PBXNativeTarget "iMessage replica" */;
			buildPhases = (
				8B8EFD4D2D827F70003D1023 /* Sources */,
				8B8EFD4E2D827F70003D1023 /* Frameworks */,
				8B8EFD4F2D827F70003D1023 /* Resources */,
			);
			buildRules = (
			);
			dependencies = (
			);
			fileSystemSynchronizedGroups = (
				8B8EFD532D827F70003D1023 /* iMessage replica */,
			);
			name = "iMessage replica";
			packageProductDependencies = (
				8B9682F12D908336003D4741 /* FirebaseAnalyticsWithoutAdIdSupport */,
				8B9682F32D908336003D4741 /* FirebaseAppCheck */,
				8B9682F52D908336003D4741 /* FirebaseAppDistribution-Beta */,
				8B9682F72D908336003D4741 /* FirebaseAuth */,
				8B9682F92D908336003D4741 /* FirebaseAuthCombine-Community */,
				8B9682FB2D908336003D4741 /* FirebaseCore */,
				8B9682FD2D908336003D4741 /* FirebaseCrashlytics */,
				8B9682FF2D908336003D4741 /* FirebaseDatabase */,
				8B9683012D908336003D4741 /* FirebaseDynamicLinks */,
				8B9683032D908336003D4741 /* FirebaseFirestore */,
				8B9683072D908336003D4741 /* FirebaseFunctions */,
				8B9683092D908336003D4741 /* FirebaseFunctionsCombine-Community */,
				8B96830B2D908336003D4741 /* FirebaseInAppMessaging-Beta */,
				8B96830D2D908336003D4741 /* FirebaseInstallations */,
				8B96830F2D908336003D4741 /* FirebaseMLModelDownloader */,
				8B9683112D908336003D4741 /* FirebaseMessaging */,
				8B9683132D908336003D4741 /* FirebasePerformance */,
				8B9683152D908336003D4741 /* FirebaseRemoteConfig */,
				8B9683172D908336003D4741 /* FirebaseStorage */,
				8B9683192D908336003D4741 /* FirebaseStorageCombine-Community */,
				8B96831B2D908336003D4741 /* FirebaseVertexAI */,
			);
			productName = "iMessage replica";
			productReference = 8B8EFD512D827F70003D1023 /* iMessage replica.app */;
			productType = "com.apple.product-type.application";
		};
/* End PBXNativeTarget section */

/* Begin PBXProject section */
		8B8EFD492D827F70003D1023 /* Project object */ = {
			isa = PBXProject;
			attributes = {
				BuildIndependentTargetsInParallel = 1;
				LastSwiftUpdateCheck = 1620;
				LastUpgradeCheck = 1620;
				TargetAttributes = {
					8B8EFD502D827F70003D1023 = {
						CreatedOnToolsVersion = 16.2;
					};
				};
			};
			buildConfigurationList = 8B8EFD4C2D827F70003D1023 /* Build configuration list for PBXProject "iMessage replica" */;
			developmentRegion = en;
			hasScannedForEncodings = 0;
			knownRegions = (
				en,
				Base,
			);
			mainGroup = 8B8EFD482D827F70003D1023;
			minimizedProjectReferenceProxies = 1;
			packageReferences = (
				8B9682EC2D908336003D4741 /* XCRemoteSwiftPackageReference "firebase-ios-sdk" */,
			);
			preferredProjectObjectVersion = 77;
			productRefGroup = 8B8EFD522D827F70003D1023 /* Products */;
			projectDirPath = "";
			projectRoot = "";
			targets = (
				8B8EFD502D827F70003D1023 /* iMessage replica */,
			);
		};
/* End PBXProject section */

/* Begin PBXResourcesBuildPhase section */
		8B8EFD4F2D827F70003D1023 /* Resources */ = {
			isa = PBXResourcesBuildPhase;
			buildActionMask = 2147483647;
			files = (
			);
			runOnlyForDeploymentPostprocessing = 0;
		};
/* End PBXResourcesBuildPhase section */

/* Begin PBXSourcesBuildPhase section */
		8B8EFD4D2D827F70003D1023 /* Sources */ = {
			isa = PBXSourcesBuildPhase;
			buildActionMask = 2147483647;
			files = (
			);
			runOnlyForDeploymentPostprocessing = 0;
		};
/* End PBXSourcesBuildPhase section */

/* Begin XCBuildConfiguration section */
		8B8EFD5D2D827F72003D1023 /* Debug */ = {
			isa = XCBuildConfiguration;
			buildSettings = {
				ALWAYS_SEARCH_USER_PATHS = NO;
				ASSETCATALOG_COMPILER_GENERATE_SWIFT_ASSET_SYMBOL_EXTENSIONS = YES;
				CLANG_ANALYZER_NONNULL = YES;
				CLANG_ANALYZER_NUMBER_OBJECT_CONVERSION = YES_AGGRESSIVE;
				CLANG_CXX_LANGUAGE_STANDARD = "gnu++20";
				CLANG_ENABLE_MODULES = YES;
				CLANG_ENABLE_OBJC_ARC = YES;
				CLANG_ENABLE_OBJC_WEAK = YES;
				CLANG_WARN_BLOCK_CAPTURE_AUTORELEASING = YES;
				CLANG_WARN_BOOL_CONVERSION = YES;
				CLANG_WARN_COMMA = YES;
				CLANG_WARN_CONSTANT_CONVERSION = YES;
				CLANG_WARN_DEPRECATED_OBJC_IMPLEMENTATIONS = YES;
				CLANG_WARN_DIRECT_OBJC_ISA_USAGE = YES_ERROR;
				CLANG_WARN_DOCUMENTATION_COMMENTS = YES;
				CLANG_WARN_EMPTY_BODY = YES;
				CLANG_WARN_ENUM_CONVERSION = YES;
				CLANG_WARN_INFINITE_RECURSION = YES;
				CLANG_WARN_INT_CONVERSION = YES;
				CLANG_WARN_NON_LITERAL_NULL_CONVERSION = YES;
				CLANG_WARN_OBJC_IMPLICIT_RETAIN_SELF = YES;
				CLANG_WARN_OBJC_LITERAL_CONVERSION = YES;
				CLANG_WARN_OBJC_ROOT_CLASS = YES_ERROR;
				CLANG_WARN_QUOTED_INCLUDE_IN_FRAMEWORK_HEADER = YES;
				CLANG_WARN_RANGE_LOOP_ANALYSIS = YES;
				CLANG_WARN_STRICT_PROTOTYPES = YES;
				CLANG_WARN_SUSPICIOUS_MOVE = YES;
				CLANG_WARN_UNGUARDED_AVAILABILITY = YES_AGGRESSIVE;
				CLANG_WARN_UNREACHABLE_CODE = YES;
				CLANG_WARN__DUPLICATE_METHOD_MATCH = YES;
				COPY_PHASE_STRIP = NO;
				DEBUG_INFORMATION_FORMAT = dwarf;
				ENABLE_STRICT_OBJC_MSGSEND = YES;
				ENABLE_TESTABILITY = YES;
				ENABLE_USER_SCRIPT_SANDBOXING = YES;
				GCC_C_LANGUAGE_STANDARD = gnu17;
				GCC_DYNAMIC_NO_PIC = NO;
				GCC_NO_COMMON_BLOCKS = YES;
				GCC_OPTIMIZATION_LEVEL = 0;
				GCC_PREPROCESSOR_DEFINITIONS = (
					"DEBUG=1",
					"$(inherited)",
				);
				GCC_WARN_64_TO_32_BIT_CONVERSION = YES;
				GCC_WARN_ABOUT_RETURN_TYPE = YES_ERROR;
				GCC_WARN_UNDECLARED_SELECTOR = YES;
				GCC_WARN_UNINITIALIZED_AUTOS = YES_AGGRESSIVE;
				GCC_WARN_UNUSED_FUNCTION = YES;
				GCC_WARN_UNUSED_VARIABLE = YES;
				IPHONEOS_DEPLOYMENT_TARGET = 18.2;
				LOCALIZATION_PREFERS_STRING_CATALOGS = YES;
				MTL_ENABLE_DEBUG_INFO = INCLUDE_SOURCE;
				MTL_FAST_MATH = YES;
				ONLY_ACTIVE_ARCH = YES;
				SDKROOT = iphoneos;
				SWIFT_ACTIVE_COMPILATION_CONDITIONS = "DEBUG $(inherited)";
				SWIFT_OPTIMIZATION_LEVEL = "-Onone";
			};
			name = Debug;
		};
		8B8EFD5E2D827F72003D1023 /* Release */ = {
			isa = XCBuildConfiguration;
			buildSettings = {
				ALWAYS_SEARCH_USER_PATHS = NO;
				ASSETCATALOG_COMPILER_GENERATE_SWIFT_ASSET_SYMBOL_EXTENSIONS = YES;
				CLANG_ANALYZER_NONNULL = YES;
				CLANG_ANALYZER_NUMBER_OBJECT_CONVERSION = YES_AGGRESSIVE;
				CLANG_CXX_LANGUAGE_STANDARD = "gnu++20";
				CLANG_ENABLE_MODULES = YES;
				CLANG_ENABLE_OBJC_ARC = YES;
				CLANG_ENABLE_OBJC_WEAK = YES;
				CLANG_WARN_BLOCK_CAPTURE_AUTORELEASING = YES;
				CLANG_WARN_BOOL_CONVERSION = YES;
				CLANG_WARN_COMMA = YES;
				CLANG_WARN_CONSTANT_CONVERSION = YES;
				CLANG_WARN_DEPRECATED_OBJC_IMPLEMENTATIONS = YES;
				CLANG_WARN_DIRECT_OBJC_ISA_USAGE = YES_ERROR;
				CLANG_WARN_DOCUMENTATION_COMMENTS = YES;
				CLANG_WARN_EMPTY_BODY = YES;
				CLANG_WARN_ENUM_CONVERSION = YES;
				CLANG_WARN_INFINITE_RECURSION = YES;
				CLANG_WARN_INT_CONVERSION = YES;
				CLANG_WARN_NON_LITERAL_NULL_CONVERSION = YES;
				CLANG_WARN_OBJC_IMPLICIT_RETAIN_SELF = YES;
				CLANG_WARN_OBJC_LITERAL_CONVERSION = YES;
				CLANG_WARN_OBJC_ROOT_CLASS = YES_ERROR;
				CLANG_WARN_QUOTED_INCLUDE_IN_FRAMEWORK_HEADER = YES;
				CLANG_WARN_RANGE_LOOP_ANALYSIS = YES;
				CLANG_WARN_STRICT_PROTOTYPES = YES;
				CLANG_WARN_SUSPICIOUS_MOVE = YES;
				CLANG_WARN_UNGUARDED_AVAILABILITY = YES_AGGRESSIVE;
				CLANG_WARN_UNREACHABLE_CODE = YES;
				CLANG_WARN__DUPLICATE_METHOD_MATCH = YES;
				COPY_PHASE_STRIP = NO;
				DEBUG_INFORMATION_FORMAT = "dwarf-with-dsym";
				ENABLE_NS_ASSERTIONS = NO;
				ENABLE_STRICT_OBJC_MSGSEND = YES;
				ENABLE_USER_SCRIPT_SANDBOXING = YES;
				GCC_C_LANGUAGE_STANDARD = gnu17;
				GCC_NO_COMMON_BLOCKS = YES;
				GCC_WARN_64_TO_32_BIT_CONVERSION = YES;
				GCC_WARN_ABOUT_RETURN_TYPE = YES_ERROR;
				GCC_WARN_UNDECLARED_SELECTOR = YES;
				GCC_WARN_UNINITIALIZED_AUTOS = YES_AGGRESSIVE;
				GCC_WARN_UNUSED_FUNCTION = YES;
				GCC_WARN_UNUSED_VARIABLE = YES;
				IPHONEOS_DEPLOYMENT_TARGET = 18.2;
				LOCALIZATION_PREFERS_STRING_CATALOGS = YES;
				MTL_ENABLE_DEBUG_INFO = NO;
				MTL_FAST_MATH = YES;
				SDKROOT = iphoneos;
				SWIFT_COMPILATION_MODE = wholemodule;
				VALIDATE_PRODUCT = YES;
			};
			name = Release;
		};
		8B8EFD602D827F72003D1023 /* Debug */ = {
			isa = XCBuildConfiguration;
			buildSettings = {
				ASSETCATALOG_COMPILER_APPICON_NAME = AppIcon;
				ASSETCATALOG_COMPILER_GLOBAL_ACCENT_COLOR_NAME = AccentColor;
				CODE_SIGN_STYLE = Automatic;
				CURRENT_PROJECT_VERSION = 1;
				DEVELOPMENT_ASSET_PATHS = "\"iMessage replica/Preview Content\"";
				DEVELOPMENT_TEAM = PXMQVM7LXJ;
				ENABLE_PREVIEWS = YES;
				GENERATE_INFOPLIST_FILE = YES;
				INFOPLIST_KEY_UIApplicationSceneManifest_Generation = YES;
				INFOPLIST_KEY_UIApplicationSupportsIndirectInputEvents = YES;
				INFOPLIST_KEY_UILaunchScreen_Generation = YES;
				INFOPLIST_KEY_UISupportedInterfaceOrientations_iPad = "UIInterfaceOrientationPortrait UIInterfaceOrientationPortraitUpsideDown UIInterfaceOrientationLandscapeLeft UIInterfaceOrientationLandscapeRight";
				INFOPLIST_KEY_UISupportedInterfaceOrientations_iPhone = "UIInterfaceOrientationPortrait UIInterfaceOrientationLandscapeLeft UIInterfaceOrientationLandscapeRight";
				LD_RUNPATH_SEARCH_PATHS = (
					"$(inherited)",
					"@executable_path/Frameworks",
				);
				MARKETING_VERSION = 1.0;
				PRODUCT_BUNDLE_IDENTIFIER = "com.birajdahal.iMessage-replica";
				PRODUCT_NAME = "$(TARGET_NAME)";
				SWIFT_EMIT_LOC_STRINGS = YES;
				SWIFT_VERSION = 5.0;
				TARGETED_DEVICE_FAMILY = "1,2";
			};
			name = Debug;
		};
		8B8EFD612D827F72003D1023 /* Release */ = {
			isa = XCBuildConfiguration;
			buildSettings = {
				ASSETCATALOG_COMPILER_APPICON_NAME = AppIcon;
				ASSETCATALOG_COMPILER_GLOBAL_ACCENT_COLOR_NAME = AccentColor;
				CODE_SIGN_STYLE = Automatic;
				CURRENT_PROJECT_VERSION = 1;
				DEVELOPMENT_ASSET_PATHS = "\"iMessage replica/Preview Content\"";
				DEVELOPMENT_TEAM = PXMQVM7LXJ;
				ENABLE_PREVIEWS = YES;
				GENERATE_INFOPLIST_FILE = YES;
				INFOPLIST_KEY_UIApplicationSceneManifest_Generation = YES;
				INFOPLIST_KEY_UIApplicationSupportsIndirectInputEvents = YES;
				INFOPLIST_KEY_UILaunchScreen_Generation = YES;
				INFOPLIST_KEY_UISupportedInterfaceOrientations_iPad = "UIInterfaceOrientationPortrait UIInterfaceOrientationPortraitUpsideDown UIInterfaceOrientationLandscapeLeft UIInterfaceOrientationLandscapeRight";
				INFOPLIST_KEY_UISupportedInterfaceOrientations_iPhone = "UIInterfaceOrientationPortrait UIInterfaceOrientationLandscapeLeft UIInterfaceOrientationLandscapeRight";
				LD_RUNPATH_SEARCH_PATHS = (
					"$(inherited)",
					"@executable_path/Frameworks",
				);
				MARKETING_VERSION = 1.0;
				PRODUCT_BUNDLE_IDENTIFIER = "com.birajdahal.iMessage-replica";
				PRODUCT_NAME = "$(TARGET_NAME)";
				SWIFT_EMIT_LOC_STRINGS = YES;
				SWIFT_VERSION = 5.0;
				TARGETED_DEVICE_FAMILY = "1,2";
			};
			name = Release;
		};
/* End XCBuildConfiguration section */

/* Begin XCConfigurationList section */
		8B8EFD4C2D827F70003D1023 /* Build configuration list for PBXProject "iMessage replica" */ = {
			isa = XCConfigurationList;
			buildConfigurations = (
				8B8EFD5D2D827F72003D1023 /* Debug */,
				8B8EFD5E2D827F72003D1023 /* Release */,
			);
			defaultConfigurationIsVisible = 0;
			defaultConfigurationName = Release;
		};
		8B8EFD5F2D827F72003D1023 /* Build configuration list for PBXNativeTarget "iMessage replica" */ = {
			isa = XCConfigurationList;
			buildConfigurations = (
				8B8EFD602D827F72003D1023 /* Debug */,
				8B8EFD612D827F72003D1023 /* Release */,
			);
			defaultConfigurationIsVisible = 0;
			defaultConfigurationName = Release;
		};
/* End XCConfigurationList section */

/* Begin XCRemoteSwiftPackageReference section */
		8B9682EC2D908336003D4741 /* XCRemoteSwiftPackageReference "firebase-ios-sdk" */ = {
			isa = XCRemoteSwiftPackageReference;
			repositoryURL = "https://github.com/firebase/firebase-ios-sdk";
			requirement = {
				kind = upToNextMajorVersion;
				minimumVersion = 11.10.0;
			};
		};
/* End XCRemoteSwiftPackageReference section */

/* Begin XCSwiftPackageProductDependency section */
		8B9682F12D908336003D4741 /* FirebaseAnalyticsWithoutAdIdSupport */ = {
			isa = XCSwiftPackageProductDependency;
			package = 8B9682EC2D908336003D4741 /* XCRemoteSwiftPackageReference "firebase-ios-sdk" */;
			productName = FirebaseAnalyticsWithoutAdIdSupport;
		};
		8B9682F32D908336003D4741 /* FirebaseAppCheck */ = {
			isa = XCSwiftPackageProductDependency;
			package = 8B9682EC2D908336003D4741 /* XCRemoteSwiftPackageReference "firebase-ios-sdk" */;
			productName = FirebaseAppCheck;
		};
		8B9682F52D908336003D4741 /* FirebaseAppDistribution-Beta */ = {
			isa = XCSwiftPackageProductDependency;
			package = 8B9682EC2D908336003D4741 /* XCRemoteSwiftPackageReference "firebase-ios-sdk" */;
			productName = "FirebaseAppDistribution-Beta";
		};
		8B9682F72D908336003D4741 /* FirebaseAuth */ = {
			isa = XCSwiftPackageProductDependency;
			package = 8B9682EC2D908336003D4741 /* XCRemoteSwiftPackageReference "firebase-ios-sdk" */;
			productName = FirebaseAuth;
		};
		8B9682F92D908336003D4741 /* FirebaseAuthCombine-Community */ = {
			isa = XCSwiftPackageProductDependency;
			package = 8B9682EC2D908336003D4741 /* XCRemoteSwiftPackageReference "firebase-ios-sdk" */;
			productName = "FirebaseAuthCombine-Community";
		};
		8B9682FB2D908336003D4741 /* FirebaseCore */ = {
			isa = XCSwiftPackageProductDependency;
			package = 8B9682EC2D908336003D4741 /* XCRemoteSwiftPackageReference "firebase-ios-sdk" */;
			productName = FirebaseCore;
		};
		8B9682FD2D908336003D4741 /* FirebaseCrashlytics */ = {
			isa = XCSwiftPackageProductDependency;
			package = 8B9682EC2D908336003D4741 /* XCRemoteSwiftPackageReference "firebase-ios-sdk" */;
			productName = FirebaseCrashlytics;
		};
		8B9682FF2D908336003D4741 /* FirebaseDatabase */ = {
			isa = XCSwiftPackageProductDependency;
			package = 8B9682EC2D908336003D4741 /* XCRemoteSwiftPackageReference "firebase-ios-sdk" */;
			productName = FirebaseDatabase;
		};
		8B9683012D908336003D4741 /* FirebaseDynamicLinks */ = {
			isa = XCSwiftPackageProductDependency;
			package = 8B9682EC2D908336003D4741 /* XCRemoteSwiftPackageReference "firebase-ios-sdk" */;
			productName = FirebaseDynamicLinks;
		};
		8B9683032D908336003D4741 /* FirebaseFirestore */ = {
			isa = XCSwiftPackageProductDependency;
			package = 8B9682EC2D908336003D4741 /* XCRemoteSwiftPackageReference "firebase-ios-sdk" */;
			productName = FirebaseFirestore;
		};
		8B9683072D908336003D4741 /* FirebaseFunctions */ = {
			isa = XCSwiftPackageProductDependency;
			package = 8B9682EC2D908336003D4741 /* XCRemoteSwiftPackageReference "firebase-ios-sdk" */;
			productName = FirebaseFunctions;
		};
		8B9683092D908336003D4741 /* FirebaseFunctionsCombine-Community */ = {
			isa = XCSwiftPackageProductDependency;
			package = 8B9682EC2D908336003D4741 /* XCRemoteSwiftPackageReference "firebase-ios-sdk" */;
			productName = "FirebaseFunctionsCombine-Community";
		};
		8B96830B2D908336003D4741 /* FirebaseInAppMessaging-Beta */ = {
			isa = XCSwiftPackageProductDependency;
			package = 8B9682EC2D908336003D4741 /* XCRemoteSwiftPackageReference "firebase-ios-sdk" */;
			productName = "FirebaseInAppMessaging-Beta";
		};
		8B96830D2D908336003D4741 /* FirebaseInstallations */ = {
			isa = XCSwiftPackageProductDependency;
			package = 8B9682EC2D908336003D4741 /* XCRemoteSwiftPackageReference "firebase-ios-sdk" */;
			productName = FirebaseInstallations;
		};
		8B96830F2D908336003D4741 /* FirebaseMLModelDownloader */ = {
			isa = XCSwiftPackageProductDependency;
			package = 8B9682EC2D908336003D4741 /* XCRemoteSwiftPackageReference "firebase-ios-sdk" */;
			productName = FirebaseMLModelDownloader;
		};
		8B9683112D908336003D4741 /* FirebaseMessaging */ = {
			isa = XCSwiftPackageProductDependency;
			package = 8B9682EC2D908336003D4741 /* XCRemoteSwiftPackageReference "firebase-ios-sdk" */;
			productName = FirebaseMessaging;
		};
		8B9683132D908336003D4741 /* FirebasePerformance */ = {
			isa = XCSwiftPackageProductDependency;
			package = 8B9682EC2D908336003D4741 /* XCRemoteSwiftPackageReference "firebase-ios-sdk" */;
			productName = FirebasePerformance;
		};
		8B9683152D908336003D4741 /* FirebaseRemoteConfig */ = {
			isa = XCSwiftPackageProductDependency;
			package = 8B9682EC2D908336003D4741 /* XCRemoteSwiftPackageReference "firebase-ios-sdk" */;
			productName = FirebaseRemoteConfig;
		};
		8B9683172D908336003D4741 /* FirebaseStorage */ = {
			isa = XCSwiftPackageProductDependency;
			package = 8B9682EC2D908336003D4741 /* XCRemoteSwiftPackageReference "firebase-ios-sdk" */;
			productName = FirebaseStorage;
		};
		8B9683192D908336003D4741 /* FirebaseStorageCombine-Community */ = {
			isa = XCSwiftPackageProductDependency;
			package = 8B9682EC2D908336003D4741 /* XCRemoteSwiftPackageReference "firebase-ios-sdk" */;
			productName = "FirebaseStorageCombine-Community";
		};
		8B96831B2D908336003D4741 /* FirebaseVertexAI */ = {
			isa = XCSwiftPackageProductDependency;
			package = 8B9682EC2D908336003D4741 /* XCRemoteSwiftPackageReference "firebase-ios-sdk" */;
			productName = FirebaseVertexAI;
		};
/* End XCSwiftPackageProductDependency section */
	};
	rootObject = 8B8EFD492D827F70003D1023 /* Project object */;
}
